<?xml version="1.0" encoding="utf-8"?>
<Project ToolsVersion="4.0" xmlns="http://schemas.microsoft.com/developer/msbuild/2003">
  <ItemGroup>
    <Filter Include="Source Files">
      <UniqueIdentifier>{4FC737F1-C7A5-4376-A066-2A32D752A2FF}</UniqueIdentifier>
      <Extensions>cpp;c;cc;cxx;def;odl;idl;hpj;bat;asm;asmx</Extensions>
    </Filter>
    <Filter Include="Header Files">
      <UniqueIdentifier>{93995380-89BD-4b04-88EB-625FBE52EBFB}</UniqueIdentifier>
      <Extensions>h;hh;hpp;hxx;hm;inl;inc;xsd</Extensions>
    </Filter>
    <Filter Include="Resource Files">
      <UniqueIdentifier>{67DA6AB6-F800-4c08-8B7A-83BB121AAD01}</UniqueIdentifier>
      <Extensions>rc;ico;cur;bmp;dlg;rc2;rct;bin;rgs;gif;jpg;jpeg;jpe;resx;tiff;tif;png;wav;mfcribbon-ms</Extensions>
    </Filter>
    <Filter Include="Descriptor">
      <UniqueIdentifier>{d284ce5e-8222-40de-9926-399295d302a7}</UniqueIdentifier>
    </Filter>
    <Filter Include="Descriptor\Header Files">
      <UniqueIdentifier>{fd368427-4358-45dd-9c34-bd01146c3ca4}</UniqueIdentifier>
    </Filter>
    <Filter Include="Descriptor\Source Files">
      <UniqueIdentifier>{1349a43b-ab1d-4a9c-912b-d47700f85a5c}</UniqueIdentifier>
    </Filter>
  </ItemGroup>
  <ItemGroup>
    <ClInclude Include="RadialDescriptor.hpp">
      <Filter>Header Files</Filter>
    </ClInclude>
    <ClInclude Include="descriptor\OctRing.h">
      <Filter>Descriptor\Header Files</Filter>
    </ClInclude>
    <ClInclude Include="descriptor\PointDescriptor.h">
      <Filter>Descriptor\Header Files</Filter>
    </ClInclude>
    <ClInclude Include="descriptor\PointRing.h">
      <Filter>Descriptor\Header Files</Filter>
    </ClInclude>
    <ClInclude Include="descriptor\Sampler.h">
      <Filter>Descriptor\Header Files</Filter>
    </ClInclude>
    <ClInclude Include="descriptor\SignalDescriptor.hpp">
      <Filter>Descriptor\Header Files</Filter>
    </ClInclude>
    <ClInclude Include="descriptor\PointSignature.h">
      <Filter>Descriptor\Header Files</Filter>
    </ClInclude>
  </ItemGroup>
  <ItemGroup>
    <ClCompile Include="RadialDescriptor.cpp">
      <Filter>Source Files</Filter>
    </ClCompile>
    <ClCompile Include="descriptor\OctRing.cpp">
      <Filter>Descriptor\Source Files</Filter>
    </ClCompile>
    <ClCompile Include="descriptor\PointDescriptor.cpp">
      <Filter>Descriptor\Source Files</Filter>
    </ClCompile>
    <ClCompile Include="descriptor\PointRing.cpp">
      <Filter>Descriptor\Source Files</Filter>
    </ClCompile>
    <ClCompile Include="descriptor\Sampler.cpp">
      <Filter>Descriptor\Source Files</Filter>
    </ClCompile>
    <ClCompile Include="descriptor\SignalDescriptor.cpp">
      <Filter>Descriptor\Source Files</Filter>
    </ClCompile>
    <ClCompile Include="descriptor\PointSignature.cpp">
      <Filter>Descriptor\Source Files</Filter>
    </ClCompile>
    <ClCompile Include="DriverOriginal.cpp">
      <Filter>Header Files</Filter>
    </ClCompile>
    <ClCompile Include="Driver.cpp">
      <Filter>Source Files</Filter>
    </ClCompile>
  </ItemGroup>
</Project>